// !$*UTF8*$!
{
	archiveVersion = 1;
	classes = {
	};
	objectVersion = 55;
	objects = {

/* Begin PBXBuildFile section */
		2365E7E0273ADEE700F1AA81 /* EncryptApp.swift in Sources */ = {isa = PBXBuildFile; fileRef = 2365E7DF273ADEE700F1AA81 /* EncryptApp.swift */; };
		2365E7E2273ADEE700F1AA81 /* ContentView.swift in Sources */ = {isa = PBXBuildFile; fileRef = 2365E7E1273ADEE700F1AA81 /* ContentView.swift */; };
		2365E7E4273ADEE800F1AA81 /* Assets.xcassets in Resources */ = {isa = PBXBuildFile; fileRef = 2365E7E3273ADEE800F1AA81 /* Assets.xcassets */; };
		2365E7E7273ADEE800F1AA81 /* Preview Assets.xcassets in Resources */ = {isa = PBXBuildFile; fileRef = 2365E7E6273ADEE800F1AA81 /* Preview Assets.xcassets */; };
		2365E7F1273ADEE800F1AA81 /* EncryptTests.swift in Sources */ = {isa = PBXBuildFile; fileRef = 2365E7F0273ADEE800F1AA81 /* EncryptTests.swift */; };
		2365E7FB273ADEE800F1AA81 /* EncryptUITests.swift in Sources */ = {isa = PBXBuildFile; fileRef = 2365E7FA273ADEE800F1AA81 /* EncryptUITests.swift */; };
		2365E7FD273ADEE800F1AA81 /* EncryptUITestsLaunchTests.swift in Sources */ = {isa = PBXBuildFile; fileRef = 2365E7FC273ADEE800F1AA81 /* EncryptUITestsLaunchTests.swift */; };
		2365E80B273AFA3C00F1AA81 /* RegisterView.swift in Sources */ = {isa = PBXBuildFile; fileRef = 2365E80A273AFA3C00F1AA81 /* RegisterView.swift */; };
		2365E80D273C854200F1AA81 /* LoginView.swift in Sources */ = {isa = PBXBuildFile; fileRef = 2365E80C273C854100F1AA81 /* LoginView.swift */; };
		2365E810273DB47900F1AA81 /* EncryptionUtils.swift in Sources */ = {isa = PBXBuildFile; fileRef = 2365E80F273DB47900F1AA81 /* EncryptionUtils.swift */; };
/* End PBXBuildFile section */

/* Begin PBXContainerItemProxy section */
		2365E7ED273ADEE800F1AA81 /* PBXContainerItemProxy */ = {
			isa = PBXContainerItemProxy;
			containerPortal = 2365E7D4273ADEE700F1AA81 /* Project object */;
			proxyType = 1;
			remoteGlobalIDString = 2365E7DB273ADEE700F1AA81;
			remoteInfo = Encrypt;
		};
		2365E7F7273ADEE800F1AA81 /* PBXContainerItemProxy */ = {
			isa = PBXContainerItemProxy;
			containerPortal = 2365E7D4273ADEE700F1AA81 /* Project object */;
			proxyType = 1;
			remoteGlobalIDString = 2365E7DB273ADEE700F1AA81;
			remoteInfo = Encrypt;
		};
/* End PBXContainerItemProxy section */

/* Begin PBXFileReference section */
		2365E7DC273ADEE700F1AA81 /* Encrypt.app */ = {isa = PBXFileReference; explicitFileType = wrapper.application; includeInIndex = 0; path = Encrypt.app; sourceTree = BUILT_PRODUCTS_DIR; };
		2365E7DF273ADEE700F1AA81 /* EncryptApp.swift */ = {isa = PBXFileReference; lastKnownFileType = sourcecode.swift; path = EncryptApp.swift; sourceTree = "<group>"; };
		2365E7E1273ADEE700F1AA81 /* ContentView.swift */ = {isa = PBXFileReference; lastKnownFileType = sourcecode.swift; path = ContentView.swift; sourceTree = "<group>"; };
		2365E7E3273ADEE800F1AA81 /* Assets.xcassets */ = {isa = PBXFileReference; lastKnownFileType = folder.assetcatalog; path = Assets.xcassets; sourceTree = "<group>"; };
		2365E7E6273ADEE800F1AA81 /* Preview Assets.xcassets */ = {isa = PBXFileReference; lastKnownFileType = folder.assetcatalog; path = "Preview Assets.xcassets"; sourceTree = "<group>"; };
		2365E7EC273ADEE800F1AA81 /* EncryptTests.xctest */ = {isa = PBXFileReference; explicitFileType = wrapper.cfbundle; includeInIndex = 0; path = EncryptTests.xctest; sourceTree = BUILT_PRODUCTS_DIR; };
		2365E7F0273ADEE800F1AA81 /* EncryptTests.swift */ = {isa = PBXFileReference; lastKnownFileType = sourcecode.swift; path = EncryptTests.swift; sourceTree = "<group>"; };
		2365E7F6273ADEE800F1AA81 /* EncryptUITests.xctest */ = {isa = PBXFileReference; explicitFileType = wrapper.cfbundle; includeInIndex = 0; path = EncryptUITests.xctest; sourceTree = BUILT_PRODUCTS_DIR; };
		2365E7FA273ADEE800F1AA81 /* EncryptUITests.swift */ = {isa = PBXFileReference; lastKnownFileType = sourcecode.swift; path = EncryptUITests.swift; sourceTree = "<group>"; };
		2365E7FC273ADEE800F1AA81 /* EncryptUITestsLaunchTests.swift */ = {isa = PBXFileReference; lastKnownFileType = sourcecode.swift; path = EncryptUITestsLaunchTests.swift; sourceTree = "<group>"; };
		2365E80A273AFA3C00F1AA81 /* RegisterView.swift */ = {isa = PBXFileReference; lastKnownFileType = sourcecode.swift; path = RegisterView.swift; sourceTree = "<group>"; };
		2365E80C273C854100F1AA81 /* LoginView.swift */ = {isa = PBXFileReference; lastKnownFileType = sourcecode.swift; path = LoginView.swift; sourceTree = "<group>"; };
		2365E80F273DB47900F1AA81 /* EncryptionUtils.swift */ = {isa = PBXFileReference; lastKnownFileType = sourcecode.swift; path = EncryptionUtils.swift; sourceTree = "<group>"; };
/* End PBXFileReference section */

/* Begin PBXFrameworksBuildPhase section */
		2365E7D9273ADEE700F1AA81 /* Frameworks */ = {
			isa = PBXFrameworksBuildPhase;
			buildActionMask = 2147483647;
			files = (
			);
			runOnlyForDeploymentPostprocessing = 0;
		};
		2365E7E9273ADEE800F1AA81 /* Frameworks */ = {
			isa = PBXFrameworksBuildPhase;
			buildActionMask = 2147483647;
			files = (
			);
			runOnlyForDeploymentPostprocessing = 0;
		};
		2365E7F3273ADEE800F1AA81 /* Frameworks */ = {
			isa = PBXFrameworksBuildPhase;
			buildActionMask = 2147483647;
			files = (
			);
			runOnlyForDeploymentPostprocessing = 0;
		};
/* End PBXFrameworksBuildPhase section */

/* Begin PBXGroup section */
		2365E7D3273ADEE700F1AA81 = {
			isa = PBXGroup;
			children = (
				2365E7DE273ADEE700F1AA81 /* Encrypt */,
				2365E7EF273ADEE800F1AA81 /* EncryptTests */,
				2365E7F9273ADEE800F1AA81 /* EncryptUITests */,
				2365E7DD273ADEE700F1AA81 /* Products */,
			);
			sourceTree = "<group>";
		};
		2365E7DD273ADEE700F1AA81 /* Products */ = {
			isa = PBXGroup;
			children = (
				2365E7DC273ADEE700F1AA81 /* Encrypt.app */,
				2365E7EC273ADEE800F1AA81 /* EncryptTests.xctest */,
				2365E7F6273ADEE800F1AA81 /* EncryptUITests.xctest */,
			);
			name = Products;
			sourceTree = "<group>";
		};
		2365E7DE273ADEE700F1AA81 /* Encrypt */ = {
			isa = PBXGroup;
			children = (
				2365E80E273DB45F00F1AA81 /* Utils */,
				2365E809273AFA0F00F1AA81 /* Views */,
				2365E7DF273ADEE700F1AA81 /* EncryptApp.swift */,
				2365E7E1273ADEE700F1AA81 /* ContentView.swift */,
				2365E7E3273ADEE800F1AA81 /* Assets.xcassets */,
				2365E7E5273ADEE800F1AA81 /* Preview Content */,
			);
			path = Encrypt;
			sourceTree = "<group>";
		};
		2365E7E5273ADEE800F1AA81 /* Preview Content */ = {
			isa = PBXGroup;
			children = (
				2365E7E6273ADEE800F1AA81 /* Preview Assets.xcassets */,
			);
			path = "Preview Content";
			sourceTree = "<group>";
		};
		2365E7EF273ADEE800F1AA81 /* EncryptTests */ = {
			isa = PBXGroup;
			children = (
				2365E7F0273ADEE800F1AA81 /* EncryptTests.swift */,
			);
			path = EncryptTests;
			sourceTree = "<group>";
		};
		2365E7F9273ADEE800F1AA81 /* EncryptUITests */ = {
			isa = PBXGroup;
			children = (
				2365E7FA273ADEE800F1AA81 /* EncryptUITests.swift */,
				2365E7FC273ADEE800F1AA81 /* EncryptUITestsLaunchTests.swift */,
			);
			path = EncryptUITests;
			sourceTree = "<group>";
		};
		2365E809273AFA0F00F1AA81 /* Views */ = {
			isa = PBXGroup;
			children = (
				2365E80A273AFA3C00F1AA81 /* RegisterView.swift */,
				2365E80C273C854100F1AA81 /* LoginView.swift */,
			);
			path = Views;
			sourceTree = "<group>";
		};
		2365E80E273DB45F00F1AA81 /* Utils */ = {
			isa = PBXGroup;
			children = (
				2365E80F273DB47900F1AA81 /* EncryptionUtils.swift */,
			);
			path = Utils;
			sourceTree = "<group>";
		};
/* End PBXGroup section */

/* Begin PBXNativeTarget section */
		2365E7DB273ADEE700F1AA81 /* Encrypt */ = {
			isa = PBXNativeTarget;
			buildConfigurationList = 2365E800273ADEE800F1AA81 /* Build configuration list for PBXNativeTarget "Encrypt" */;
			buildPhases = (
				2365E7D8273ADEE700F1AA81 /* Sources */,
				2365E7D9273ADEE700F1AA81 /* Frameworks */,
				2365E7DA273ADEE700F1AA81 /* Resources */,
			);
			buildRules = (
			);
			dependencies = (
			);
			name = Encrypt;
			productName = Encrypt;
			productReference = 2365E7DC273ADEE700F1AA81 /* Encrypt.app */;
			productType = "com.apple.product-type.application";
		};
		2365E7EB273ADEE800F1AA81 /* EncryptTests */ = {
			isa = PBXNativeTarget;
			buildConfigurationList = 2365E803273ADEE800F1AA81 /* Build configuration list for PBXNativeTarget "EncryptTests" */;
			buildPhases = (
				2365E7E8273ADEE800F1AA81 /* Sources */,
				2365E7E9273ADEE800F1AA81 /* Frameworks */,
				2365E7EA273ADEE800F1AA81 /* Resources */,
			);
			buildRules = (
			);
			dependencies = (
				2365E7EE273ADEE800F1AA81 /* PBXTargetDependency */,
			);
			name = EncryptTests;
			productName = EncryptTests;
			productReference = 2365E7EC273ADEE800F1AA81 /* EncryptTests.xctest */;
			productType = "com.apple.product-type.bundle.unit-test";
		};
		2365E7F5273ADEE800F1AA81 /* EncryptUITests */ = {
			isa = PBXNativeTarget;
			buildConfigurationList = 2365E806273ADEE800F1AA81 /* Build configuration list for PBXNativeTarget "EncryptUITests" */;
			buildPhases = (
				2365E7F2273ADEE800F1AA81 /* Sources */,
				2365E7F3273ADEE800F1AA81 /* Frameworks */,
				2365E7F4273ADEE800F1AA81 /* Resources */,
			);
			buildRules = (
			);
			dependencies = (
				2365E7F8273ADEE800F1AA81 /* PBXTargetDependency */,
			);
			name = EncryptUITests;
			productName = EncryptUITests;
			productReference = 2365E7F6273ADEE800F1AA81 /* EncryptUITests.xctest */;
			productType = "com.apple.product-type.bundle.ui-testing";
		};
/* End PBXNativeTarget section */

/* Begin PBXProject section */
		2365E7D4273ADEE700F1AA81 /* Project object */ = {
			isa = PBXProject;
			attributes = {
				BuildIndependentTargetsInParallel = 1;
				LastSwiftUpdateCheck = 1310;
				LastUpgradeCheck = 1310;
				TargetAttributes = {
					2365E7DB273ADEE700F1AA81 = {
						CreatedOnToolsVersion = 13.1;
					};
					2365E7EB273ADEE800F1AA81 = {
						CreatedOnToolsVersion = 13.1;
						TestTargetID = 2365E7DB273ADEE700F1AA81;
					};
					2365E7F5273ADEE800F1AA81 = {
						CreatedOnToolsVersion = 13.1;
						TestTargetID = 2365E7DB273ADEE700F1AA81;
					};
				};
			};
			buildConfigurationList = 2365E7D7273ADEE700F1AA81 /* Build configuration list for PBXProject "Encrypt" */;
			compatibilityVersion = "Xcode 13.0";
			developmentRegion = en;
			hasScannedForEncodings = 0;
			knownRegions = (
				en,
				Base,
			);
			mainGroup = 2365E7D3273ADEE700F1AA81;
			productRefGroup = 2365E7DD273ADEE700F1AA81 /* Products */;
			projectDirPath = "";
			projectRoot = "";
			targets = (
				2365E7DB273ADEE700F1AA81 /* Encrypt */,
				2365E7EB273ADEE800F1AA81 /* EncryptTests */,
				2365E7F5273ADEE800F1AA81 /* EncryptUITests */,
			);
		};
/* End PBXProject section */

/* Begin PBXResourcesBuildPhase section */
		2365E7DA273ADEE700F1AA81 /* Resources */ = {
			isa = PBXResourcesBuildPhase;
			buildActionMask = 2147483647;
			files = (
				2365E7E7273ADEE800F1AA81 /* Preview Assets.xcassets in Resources */,
				2365E7E4273ADEE800F1AA81 /* Assets.xcassets in Resources */,
			);
			runOnlyForDeploymentPostprocessing = 0;
		};
		2365E7EA273ADEE800F1AA81 /* Resources */ = {
			isa = PBXResourcesBuildPhase;
			buildActionMask = 2147483647;
			files = (
			);
			runOnlyForDeploymentPostprocessing = 0;
		};
		2365E7F4273ADEE800F1AA81 /* Resources */ = {
			isa = PBXResourcesBuildPhase;
			buildActionMask = 2147483647;
			files = (
			);
			runOnlyForDeploymentPostprocessing = 0;
		};
/* End PBXResourcesBuildPhase section */

/* Begin PBXSourcesBuildPhase section */
		2365E7D8273ADEE700F1AA81 /* Sources */ = {
			isa = PBXSourcesBuildPhase;
			buildActionMask = 2147483647;
			files = (
				2365E80B273AFA3C00F1AA81 /* RegisterView.swift in Sources */,
				2365E810273DB47900F1AA81 /* EncryptionUtils.swift in Sources */,
				2365E7E2273ADEE700F1AA81 /* ContentView.swift in Sources */,
				2365E80D273C854200F1AA81 /* LoginView.swift in Sources */,
				2365E7E0273ADEE700F1AA81 /* EncryptApp.swift in Sources */,
			);
			runOnlyForDeploymentPostprocessing = 0;
		};
		2365E7E8273ADEE800F1AA81 /* Sources */ = {
			isa = PBXSourcesBuildPhase;
			buildActionMask = 2147483647;
			files = (
				2365E7F1273ADEE800F1AA81 /* EncryptTests.swift in Sources */,
			);
			runOnlyForDeploymentPostprocessing = 0;
		};
		2365E7F2273ADEE800F1AA81 /* Sources */ = {
			isa = PBXSourcesBuildPhase;
			buildActionMask = 2147483647;
			files = (
				2365E7FD273ADEE800F1AA81 /* EncryptUITestsLaunchTests.swift in Sources */,
				2365E7FB273ADEE800F1AA81 /* EncryptUITests.swift in Sources */,
			);
			runOnlyForDeploymentPostprocessing = 0;
		};
/* End PBXSourcesBuildPhase section */

/* Begin PBXTargetDependency section */
		2365E7EE273ADEE800F1AA81 /* PBXTargetDependency */ = {
			isa = PBXTargetDependency;
			target = 2365E7DB273ADEE700F1AA81 /* Encrypt */;
			targetProxy = 2365E7ED273ADEE800F1AA81 /* PBXContainerItemProxy */;
		};
		2365E7F8273ADEE800F1AA81 /* PBXTargetDependency */ = {
			isa = PBXTargetDependency;
			target = 2365E7DB273ADEE700F1AA81 /* Encrypt */;
			targetProxy = 2365E7F7273ADEE800F1AA81 /* PBXContainerItemProxy */;
		};
/* End PBXTargetDependency section */

/* Begin XCBuildConfiguration section */
		2365E7FE273ADEE800F1AA81 /* Debug */ = {
			isa = XCBuildConfiguration;
			buildSettings = {
				ALWAYS_SEARCH_USER_PATHS = NO;
				CLANG_ANALYZER_NONNULL = YES;
				CLANG_ANALYZER_NUMBER_OBJECT_CONVERSION = YES_AGGRESSIVE;
				CLANG_CXX_LANGUAGE_STANDARD = "gnu++17";
				CLANG_CXX_LIBRARY = "libc++";
				CLANG_ENABLE_MODULES = YES;
				CLANG_ENABLE_OBJC_ARC = YES;
				CLANG_ENABLE_OBJC_WEAK = YES;
				CLANG_WARN_BLOCK_CAPTURE_AUTORELEASING = YES;
				CLANG_WARN_BOOL_CONVERSION = YES;
				CLANG_WARN_COMMA = YES;
				CLANG_WARN_CONSTANT_CONVERSION = YES;
				CLANG_WARN_DEPRECATED_OBJC_IMPLEMENTATIONS = YES;
				CLANG_WARN_DIRECT_OBJC_ISA_USAGE = YES_ERROR;
				CLANG_WARN_DOCUMENTATION_COMMENTS = YES;
				CLANG_WARN_EMPTY_BODY = YES;
				CLANG_WARN_ENUM_CONVERSION = YES;
				CLANG_WARN_INFINITE_RECURSION = YES;
				CLANG_WARN_INT_CONVERSION = YES;
				CLANG_WARN_NON_LITERAL_NULL_CONVERSION = YES;
				CLANG_WARN_OBJC_IMPLICIT_RETAIN_SELF = YES;
				CLANG_WARN_OBJC_LITERAL_CONVERSION = YES;
				CLANG_WARN_OBJC_ROOT_CLASS = YES_ERROR;
				CLANG_WARN_QUOTED_INCLUDE_IN_FRAMEWORK_HEADER = YES;
				CLANG_WARN_RANGE_LOOP_ANALYSIS = YES;
				CLANG_WARN_STRICT_PROTOTYPES = YES;
				CLANG_WARN_SUSPICIOUS_MOVE = YES;
				CLANG_WARN_UNGUARDED_AVAILABILITY = YES_AGGRESSIVE;
				CLANG_WARN_UNREACHABLE_CODE = YES;
				CLANG_WARN__DUPLICATE_METHOD_MATCH = YES;
				COPY_PHASE_STRIP = NO;
				DEBUG_INFORMATION_FORMAT = dwarf;
				ENABLE_STRICT_OBJC_MSGSEND = YES;
				ENABLE_TESTABILITY = YES;
				GCC_C_LANGUAGE_STANDARD = gnu11;
				GCC_DYNAMIC_NO_PIC = NO;
				GCC_NO_COMMON_BLOCKS = YES;
				GCC_OPTIMIZATION_LEVEL = 0;
				GCC_PREPROCESSOR_DEFINITIONS = (
					"DEBUG=1",
					"$(inherited)",
				);
				GCC_WARN_64_TO_32_BIT_CONVERSION = YES;
				GCC_WARN_ABOUT_RETURN_TYPE = YES_ERROR;
				GCC_WARN_UNDECLARED_SELECTOR = YES;
				GCC_WARN_UNINITIALIZED_AUTOS = YES_AGGRESSIVE;
				GCC_WARN_UNUSED_FUNCTION = YES;
				GCC_WARN_UNUSED_VARIABLE = YES;
				IPHONEOS_DEPLOYMENT_TARGET = 15.0;
				MTL_ENABLE_DEBUG_INFO = INCLUDE_SOURCE;
				MTL_FAST_MATH = YES;
				ONLY_ACTIVE_ARCH = YES;
				SDKROOT = iphoneos;
				SWIFT_ACTIVE_COMPILATION_CONDITIONS = DEBUG;
				SWIFT_OPTIMIZATION_LEVEL = "-Onone";
			};
			name = Debug;
		};
		2365E7FF273ADEE800F1AA81 /* Release */ = {
			isa = XCBuildConfiguration;
			buildSettings = {
				ALWAYS_SEARCH_USER_PATHS = NO;
				CLANG_ANALYZER_NONNULL = YES;
				CLANG_ANALYZER_NUMBER_OBJECT_CONVERSION = YES_AGGRESSIVE;
				CLANG_CXX_LANGUAGE_STANDARD = "gnu++17";
				CLANG_CXX_LIBRARY = "libc++";
				CLANG_ENABLE_MODULES = YES;
				CLANG_ENABLE_OBJC_ARC = YES;
				CLANG_ENABLE_OBJC_WEAK = YES;
				CLANG_WARN_BLOCK_CAPTURE_AUTORELEASING = YES;
				CLANG_WARN_BOOL_CONVERSION = YES;
				CLANG_WARN_COMMA = YES;
				CLANG_WARN_CONSTANT_CONVERSION = YES;
				CLANG_WARN_DEPRECATED_OBJC_IMPLEMENTATIONS = YES;
				CLANG_WARN_DIRECT_OBJC_ISA_USAGE = YES_ERROR;
				CLANG_WARN_DOCUMENTATION_COMMENTS = YES;
				CLANG_WARN_EMPTY_BODY = YES;
				CLANG_WARN_ENUM_CONVERSION = YES;
				CLANG_WARN_INFINITE_RECURSION = YES;
				CLANG_WARN_INT_CONVERSION = YES;
				CLANG_WARN_NON_LITERAL_NULL_CONVERSION = YES;
				CLANG_WARN_OBJC_IMPLICIT_RETAIN_SELF = YES;
				CLANG_WARN_OBJC_LITERAL_CONVERSION = YES;
				CLANG_WARN_OBJC_ROOT_CLASS = YES_ERROR;
				CLANG_WARN_QUOTED_INCLUDE_IN_FRAMEWORK_HEADER = YES;
				CLANG_WARN_RANGE_LOOP_ANALYSIS = YES;
				CLANG_WARN_STRICT_PROTOTYPES = YES;
				CLANG_WARN_SUSPICIOUS_MOVE = YES;
				CLANG_WARN_UNGUARDED_AVAILABILITY = YES_AGGRESSIVE;
				CLANG_WARN_UNREACHABLE_CODE = YES;
				CLANG_WARN__DUPLICATE_METHOD_MATCH = YES;
				COPY_PHASE_STRIP = NO;
				DEBUG_INFORMATION_FORMAT = "dwarf-with-dsym";
				ENABLE_NS_ASSERTIONS = NO;
				ENABLE_STRICT_OBJC_MSGSEND = YES;
				GCC_C_LANGUAGE_STANDARD = gnu11;
				GCC_NO_COMMON_BLOCKS = YES;
				GCC_WARN_64_TO_32_BIT_CONVERSION = YES;
				GCC_WARN_ABOUT_RETURN_TYPE = YES_ERROR;
				GCC_WARN_UNDECLARED_SELECTOR = YES;
				GCC_WARN_UNINITIALIZED_AUTOS = YES_AGGRESSIVE;
				GCC_WARN_UNUSED_FUNCTION = YES;
				GCC_WARN_UNUSED_VARIABLE = YES;
				IPHONEOS_DEPLOYMENT_TARGET = 15.0;
				MTL_ENABLE_DEBUG_INFO = NO;
				MTL_FAST_MATH = YES;
				SDKROOT = iphoneos;
				SWIFT_COMPILATION_MODE = wholemodule;
				SWIFT_OPTIMIZATION_LEVEL = "-O";
				VALIDATE_PRODUCT = YES;
			};
			name = Release;
		};
		2365E801273ADEE800F1AA81 /* Debug */ = {
			isa = XCBuildConfiguration;
			buildSettings = {
				ASSETCATALOG_COMPILER_APPICON_NAME = AppIcon;
				ASSETCATALOG_COMPILER_GLOBAL_ACCENT_COLOR_NAME = AccentColor;
				CODE_SIGN_STYLE = Automatic;
				CURRENT_PROJECT_VERSION = 1;
				DEVELOPMENT_ASSET_PATHS = "\"Encrypt/Preview Content\"";
				DEVELOPMENT_TEAM = 54ZDA36Q3S;
				ENABLE_PREVIEWS = YES;
				GENERATE_INFOPLIST_FILE = YES;
				INFOPLIST_KEY_UIApplicationSceneManifest_Generation = YES;
				INFOPLIST_KEY_UIApplicationSupportsIndirectInputEvents = YES;
				INFOPLIST_KEY_UILaunchScreen_Generation = YES;
				INFOPLIST_KEY_UISupportedInterfaceOrientations_iPad = "UIInterfaceOrientationPortrait UIInterfaceOrientationPortraitUpsideDown UIInterfaceOrientationLandscapeLeft UIInterfaceOrientationLandscapeRight";
				INFOPLIST_KEY_UISupportedInterfaceOrientations_iPhone = "UIInterfaceOrientationPortrait UIInterfaceOrientationLandscapeLeft UIInterfaceOrientationLandscapeRight";
				LD_RUNPATH_SEARCH_PATHS = (
					"$(inherited)",
					"@executable_path/Frameworks",
				);
				MARKETING_VERSION = 1.0;
				PRODUCT_BUNDLE_IDENTIFIER = com.jstnklnr.Encrypt;
				PRODUCT_NAME = "$(TARGET_NAME)";
				SWIFT_EMIT_LOC_STRINGS = YES;
				SWIFT_VERSION = 5.0;
				TARGETED_DEVICE_FAMILY = "1,2";
			};
			name = Debug;
		};
		2365E802273ADEE800F1AA81 /* Release */ = {
			isa = XCBuildConfiguration;
			buildSettings = {
				ASSETCATALOG_COMPILER_APPICON_NAME = AppIcon;
				ASSETCATALOG_COMPILER_GLOBAL_ACCENT_COLOR_NAME = AccentColor;
				CODE_SIGN_STYLE = Automatic;
				CURRENT_PROJECT_VERSION = 1;
				DEVELOPMENT_ASSET_PATHS = "\"Encrypt/Preview Content\"";
				DEVELOPMENT_TEAM = 54ZDA36Q3S;
				ENABLE_PREVIEWS = YES;
				GENERATE_INFOPLIST_FILE = YES;
				INFOPLIST_KEY_UIApplicationSceneManifest_Generation = YES;
				INFOPLIST_KEY_UIApplicationSupportsIndirectInputEvents = YES;
				INFOPLIST_KEY_UILaunchScreen_Generation = YES;
				INFOPLIST_KEY_UISupportedInterfaceOrientations_iPad = "UIInterfaceOrientationPortrait UIInterfaceOrientationPortraitUpsideDown UIInterfaceOrientationLandscapeLeft UIInterfaceOrientationLandscapeRight";
				INFOPLIST_KEY_UISupportedInterfaceOrientations_iPhone = "UIInterfaceOrientationPortrait UIInterfaceOrientationLandscapeLeft UIInterfaceOrientationLandscapeRight";
				LD_RUNPATH_SEARCH_PATHS = (
					"$(inherited)",
					"@executable_path/Frameworks",
				);
				MARKETING_VERSION = 1.0;
				PRODUCT_BUNDLE_IDENTIFIER = com.jstnklnr.Encrypt;
				PRODUCT_NAME = "$(TARGET_NAME)";
				SWIFT_EMIT_LOC_STRINGS = YES;
				SWIFT_VERSION = 5.0;
				TARGETED_DEVICE_FAMILY = "1,2";
			};
			name = Release;
		};
		2365E804273ADEE800F1AA81 /* Debug */ = {
			isa = XCBuildConfiguration;
			buildSettings = {
				ALWAYS_EMBED_SWIFT_STANDARD_LIBRARIES = YES;
				BUNDLE_LOADER = "$(TEST_HOST)";
				CODE_SIGN_STYLE = Automatic;
				CURRENT_PROJECT_VERSION = 1;
				DEVELOPMENT_TEAM = 54ZDA36Q3S;
				GENERATE_INFOPLIST_FILE = YES;
				IPHONEOS_DEPLOYMENT_TARGET = 15.0;
				LD_RUNPATH_SEARCH_PATHS = (
					"$(inherited)",
					"@executable_path/Frameworks",
					"@loader_path/Frameworks",
				);
				MARKETING_VERSION = 1.0;
				PRODUCT_BUNDLE_IDENTIFIER = com.jstnklnr.EncryptTests;
				PRODUCT_NAME = "$(TARGET_NAME)";
				SWIFT_EMIT_LOC_STRINGS = NO;
				SWIFT_VERSION = 5.0;
				TARGETED_DEVICE_FAMILY = "1,2";
				TEST_HOST = "$(BUILT_PRODUCTS_DIR)/Encrypt.app/Encrypt";
			};
			name = Debug;
		};
		2365E805273ADEE800F1AA81 /* Release */ = {
			isa = XCBuildConfiguration;
			buildSettings = {
				ALWAYS_EMBED_SWIFT_STANDARD_LIBRARIES = YES;
				BUNDLE_LOADER = "$(TEST_HOST)";
				CODE_SIGN_STYLE = Automatic;
				CURRENT_PROJECT_VERSION = 1;
				DEVELOPMENT_TEAM = 54ZDA36Q3S;
				GENERATE_INFOPLIST_FILE = YES;
				IPHONEOS_DEPLOYMENT_TARGET = 15.0;
				LD_RUNPATH_SEARCH_PATHS = (
					"$(inherited)",
					"@executable_path/Frameworks",
					"@loader_path/Frameworks",
				);
				MARKETING_VERSION = 1.0;
				PRODUCT_BUNDLE_IDENTIFIER = com.jstnklnr.EncryptTests;
				PRODUCT_NAME = "$(TARGET_NAME)";
				SWIFT_EMIT_LOC_STRINGS = NO;
				SWIFT_VERSION = 5.0;
				TARGETED_DEVICE_FAMILY = "1,2";
				TEST_HOST = "$(BUILT_PRODUCTS_DIR)/Encrypt.app/Encrypt";
			};
			name = Release;
		};
		2365E807273ADEE800F1AA81 /* Debug */ = {
			isa = XCBuildConfiguration;
			buildSettings = {
				ALWAYS_EMBED_SWIFT_STANDARD_LIBRARIES = YES;
				CODE_SIGN_STYLE = Automatic;
				CURRENT_PROJECT_VERSION = 1;
				DEVELOPMENT_TEAM = 54ZDA36Q3S;
				GENERATE_INFOPLIST_FILE = YES;
				LD_RUNPATH_SEARCH_PATHS = (
					"$(inherited)",
					"@executable_path/Frameworks",
					"@loader_path/Frameworks",
				);
				MARKETING_VERSION = 1.0;
				PRODUCT_BUNDLE_IDENTIFIER = com.jstnklnr.EncryptUITests;
				PRODUCT_NAME = "$(TARGET_NAME)";
				SWIFT_EMIT_LOC_STRINGS = NO;
				SWIFT_VERSION = 5.0;
				TARGETED_DEVICE_FAMILY = "1,2";
				TEST_TARGET_NAME = Encrypt;
			};
			name = Debug;
		};
		2365E808273ADEE800F1AA81 /* Release */ = {
			isa = XCBuildConfiguration;
			buildSettings = {
				ALWAYS_EMBED_SWIFT_STANDARD_LIBRARIES = YES;
				CODE_SIGN_STYLE = Automatic;
				CURRENT_PROJECT_VERSION = 1;
				DEVELOPMENT_TEAM = 54ZDA36Q3S;
				GENERATE_INFOPLIST_FILE = YES;
				LD_RUNPATH_SEARCH_PATHS = (
					"$(inherited)",
					"@executable_path/Frameworks",
					"@loader_path/Frameworks",
				);
				MARKETING_VERSION = 1.0;
				PRODUCT_BUNDLE_IDENTIFIER = com.jstnklnr.EncryptUITests;
				PRODUCT_NAME = "$(TARGET_NAME)";
				SWIFT_EMIT_LOC_STRINGS = NO;
				SWIFT_VERSION = 5.0;
				TARGETED_DEVICE_FAMILY = "1,2";
				TEST_TARGET_NAME = Encrypt;
			};
			name = Release;
		};
/* End XCBuildConfiguration section */

/* Begin XCConfigurationList section */
		2365E7D7273ADEE700F1AA81 /* Build configuration list for PBXProject "Encrypt" */ = {
			isa = XCConfigurationList;
			buildConfigurations = (
				2365E7FE273ADEE800F1AA81 /* Debug */,
				2365E7FF273ADEE800F1AA81 /* Release */,
			);
			defaultConfigurationIsVisible = 0;
			defaultConfigurationName = Release;
		};
		2365E800273ADEE800F1AA81 /* Build configuration list for PBXNativeTarget "Encrypt" */ = {
			isa = XCConfigurationList;
			buildConfigurations = (
				2365E801273ADEE800F1AA81 /* Debug */,
				2365E802273ADEE800F1AA81 /* Release */,
			);
			defaultConfigurationIsVisible = 0;
			defaultConfigurationName = Release;
		};
		2365E803273ADEE800F1AA81 /* Build configuration list for PBXNativeTarget "EncryptTests" */ = {
			isa = XCConfigurationList;
			buildConfigurations = (
				2365E804273ADEE800F1AA81 /* Debug */,
				2365E805273ADEE800F1AA81 /* Release */,
			);
			defaultConfigurationIsVisible = 0;
			defaultConfigurationName = Release;
		};
		2365E806273ADEE800F1AA81 /* Build configuration list for PBXNativeTarget "EncryptUITests" */ = {
			isa = XCConfigurationList;
			buildConfigurations = (
				2365E807273ADEE800F1AA81 /* Debug */,
				2365E808273ADEE800F1AA81 /* Release */,
			);
			defaultConfigurationIsVisible = 0;
			defaultConfigurationName = Release;
		};
/* End XCConfigurationList section */
	};
	rootObject = 2365E7D4273ADEE700F1AA81 /* Project object */;
}
